// !$*UTF8*$!
{
	archiveVersion = 1;
	classes = {
	};
	objectVersion = 50;
	objects = {

/* Begin PBXBuildFile section */
		2C075EF72291E6B300A1967F /* AppDelegate.swift in Sources */ = {isa = PBXBuildFile; fileRef = 2C075EF62291E6B300A1967F /* AppDelegate.swift */; };
		2C075EF92291E6B300A1967F /* ViewController.swift in Sources */ = {isa = PBXBuildFile; fileRef = 2C075EF82291E6B300A1967F /* ViewController.swift */; };
		2C075EFC2291E6B300A1967F /* Main.storyboard in Resources */ = {isa = PBXBuildFile; fileRef = 2C075EFA2291E6B300A1967F /* Main.storyboard */; };
		2C075EFE2291E6B500A1967F /* Assets.xcassets in Resources */ = {isa = PBXBuildFile; fileRef = 2C075EFD2291E6B500A1967F /* Assets.xcassets */; };
		2C075F012291E6B500A1967F /* LaunchScreen.storyboard in Resources */ = {isa = PBXBuildFile; fileRef = 2C075EFF2291E6B500A1967F /* LaunchScreen.storyboard */; };
		2C075F0C2291E6B500A1967F /* ScrollViewDemoTests.swift in Sources */ = {isa = PBXBuildFile; fileRef = 2C075F0B2291E6B500A1967F /* ScrollViewDemoTests.swift */; };
		2C075F172291E6B500A1967F /* ScrollViewDemoUITests.swift in Sources */ = {isa = PBXBuildFile; fileRef = 2C075F162291E6B500A1967F /* ScrollViewDemoUITests.swift */; };
/* End PBXBuildFile section */

/* Begin PBXContainerItemProxy section */
		2C075F082291E6B500A1967F /* PBXContainerItemProxy */ = {
			isa = PBXContainerItemProxy;
			containerPortal = 2C075EEB2291E6B300A1967F /* Project object */;
			proxyType = 1;
			remoteGlobalIDString = 2C075EF22291E6B300A1967F;
			remoteInfo = ScrollViewDemo;
		};
		2C075F132291E6B500A1967F /* PBXContainerItemProxy */ = {
			isa = PBXContainerItemProxy;
			containerPortal = 2C075EEB2291E6B300A1967F /* Project object */;
			proxyType = 1;
			remoteGlobalIDString = 2C075EF22291E6B300A1967F;
			remoteInfo = ScrollViewDemo;
		};
/* End PBXContainerItemProxy section */

/* Begin PBXFileReference section */
		2C075EF32291E6B300A1967F /* ScrollViewDemo.app */ = {isa = PBXFileReference; explicitFileType = wrapper.application; includeInIndex = 0; path = ScrollViewDemo.app; sourceTree = BUILT_PRODUCTS_DIR; };
		2C075EF62291E6B300A1967F /* AppDelegate.swift */ = {isa = PBXFileReference; lastKnownFileType = sourcecode.swift; path = AppDelegate.swift; sourceTree = "<group>"; };
		2C075EF82291E6B300A1967F /* ViewController.swift */ = {isa = PBXFileReference; lastKnownFileType = sourcecode.swift; path = ViewController.swift; sourceTree = "<group>"; };
		2C075EFB2291E6B300A1967F /* Base */ = {isa = PBXFileReference; lastKnownFileType = file.storyboard; name = Base; path = Base.lproj/Main.storyboard; sourceTree = "<group>"; };
		2C075EFD2291E6B500A1967F /* Assets.xcassets */ = {isa = PBXFileReference; lastKnownFileType = folder.assetcatalog; path = Assets.xcassets; sourceTree = "<group>"; };
		2C075F002291E6B500A1967F /* Base */ = {isa = PBXFileReference; lastKnownFileType = file.storyboard; name = Base; path = Base.lproj/LaunchScreen.storyboard; sourceTree = "<group>"; };
		2C075F022291E6B500A1967F /* Info.plist */ = {isa = PBXFileReference; lastKnownFileType = text.plist.xml; path = Info.plist; sourceTree = "<group>"; };
		2C075F072291E6B500A1967F /* ScrollViewDemoTests.xctest */ = {isa = PBXFileReference; explicitFileType = wrapper.cfbundle; includeInIndex = 0; path = ScrollViewDemoTests.xctest; sourceTree = BUILT_PRODUCTS_DIR; };
		2C075F0B2291E6B500A1967F /* ScrollViewDemoTests.swift */ = {isa = PBXFileReference; lastKnownFileType = sourcecode.swift; path = ScrollViewDemoTests.swift; sourceTree = "<group>"; };
		2C075F0D2291E6B500A1967F /* Info.plist */ = {isa = PBXFileReference; lastKnownFileType = text.plist.xml; path = Info.plist; sourceTree = "<group>"; };
		2C075F122291E6B500A1967F /* ScrollViewDemoUITests.xctest */ = {isa = PBXFileReference; explicitFileType = wrapper.cfbundle; includeInIndex = 0; path = ScrollViewDemoUITests.xctest; sourceTree = BUILT_PRODUCTS_DIR; };
		2C075F162291E6B500A1967F /* ScrollViewDemoUITests.swift */ = {isa = PBXFileReference; lastKnownFileType = sourcecode.swift; path = ScrollViewDemoUITests.swift; sourceTree = "<group>"; };
		2C075F182291E6B500A1967F /* Info.plist */ = {isa = PBXFileReference; lastKnownFileType = text.plist.xml; path = Info.plist; sourceTree = "<group>"; };
/* End PBXFileReference section */

/* Begin PBXFrameworksBuildPhase section */
		2C075EF02291E6B300A1967F /* Frameworks */ = {
			isa = PBXFrameworksBuildPhase;
			buildActionMask = 2147483647;
			files = (
			);
			runOnlyForDeploymentPostprocessing = 0;
		};
		2C075F042291E6B500A1967F /* Frameworks */ = {
			isa = PBXFrameworksBuildPhase;
			buildActionMask = 2147483647;
			files = (
			);
			runOnlyForDeploymentPostprocessing = 0;
		};
		2C075F0F2291E6B500A1967F /* Frameworks */ = {
			isa = PBXFrameworksBuildPhase;
			buildActionMask = 2147483647;
			files = (
			);
			runOnlyForDeploymentPostprocessing = 0;
		};
/* End PBXFrameworksBuildPhase section */

/* Begin PBXGroup section */
		2C075EEA2291E6B300A1967F = {
			isa = PBXGroup;
			children = (
				2C075EF52291E6B300A1967F /* ScrollViewDemo */,
				2C075F0A2291E6B500A1967F /* ScrollViewDemoTests */,
				2C075F152291E6B500A1967F /* ScrollViewDemoUITests */,
				2C075EF42291E6B300A1967F /* Products */,
			);
			sourceTree = "<group>";
		};
		2C075EF42291E6B300A1967F /* Products */ = {
			isa = PBXGroup;
			children = (
				2C075EF32291E6B300A1967F /* ScrollViewDemo.app */,
				2C075F072291E6B500A1967F /* ScrollViewDemoTests.xctest */,
				2C075F122291E6B500A1967F /* ScrollViewDemoUITests.xctest */,
			);
			name = Products;
			sourceTree = "<group>";
		};
		2C075EF52291E6B300A1967F /* ScrollViewDemo */ = {
			isa = PBXGroup;
			children = (
				2C075EF62291E6B300A1967F /* AppDelegate.swift */,
				2C075EF82291E6B300A1967F /* ViewController.swift */,
				2C075EFA2291E6B300A1967F /* Main.storyboard */,
				2C075EFD2291E6B500A1967F /* Assets.xcassets */,
				2C075EFF2291E6B500A1967F /* LaunchScreen.storyboard */,
				2C075F022291E6B500A1967F /* Info.plist */,
			);
			path = ScrollViewDemo;
			sourceTree = "<group>";
		};
		2C075F0A2291E6B500A1967F /* ScrollViewDemoTests */ = {
			isa = PBXGroup;
			children = (
				2C075F0B2291E6B500A1967F /* ScrollViewDemoTests.swift */,
				2C075F0D2291E6B500A1967F /* Info.plist */,
			);
			path = ScrollViewDemoTests;
			sourceTree = "<group>";
		};
		2C075F152291E6B500A1967F /* ScrollViewDemoUITests */ = {
			isa = PBXGroup;
			children = (
				2C075F162291E6B500A1967F /* ScrollViewDemoUITests.swift */,
				2C075F182291E6B500A1967F /* Info.plist */,
			);
			path = ScrollViewDemoUITests;
			sourceTree = "<group>";
		};
/* End PBXGroup section */

/* Begin PBXNativeTarget section */
		2C075EF22291E6B300A1967F /* ScrollViewDemo */ = {
			isa = PBXNativeTarget;
			buildConfigurationList = 2C075F1B2291E6B500A1967F /* Build configuration list for PBXNativeTarget "ScrollViewDemo" */;
			buildPhases = (
				2C075EEF2291E6B300A1967F /* Sources */,
				2C075EF02291E6B300A1967F /* Frameworks */,
				2C075EF12291E6B300A1967F /* Resources */,
			);
			buildRules = (
			);
			dependencies = (
			);
			name = ScrollViewDemo;
			productName = ScrollViewDemo;
			productReference = 2C075EF32291E6B300A1967F /* ScrollViewDemo.app */;
			productType = "com.apple.product-type.application";
		};
		2C075F062291E6B500A1967F /* ScrollViewDemoTests */ = {
			isa = PBXNativeTarget;
			buildConfigurationList = 2C075F1E2291E6B500A1967F /* Build configuration list for PBXNativeTarget "ScrollViewDemoTests" */;
			buildPhases = (
				2C075F032291E6B500A1967F /* Sources */,
				2C075F042291E6B500A1967F /* Frameworks */,
				2C075F052291E6B500A1967F /* Resources */,
			);
			buildRules = (
			);
			dependencies = (
				2C075F092291E6B500A1967F /* PBXTargetDependency */,
			);
			name = ScrollViewDemoTests;
			productName = ScrollViewDemoTests;
			productReference = 2C075F072291E6B500A1967F /* ScrollViewDemoTests.xctest */;
			productType = "com.apple.product-type.bundle.unit-test";
		};
		2C075F112291E6B500A1967F /* ScrollViewDemoUITests */ = {
			isa = PBXNativeTarget;
			buildConfigurationList = 2C075F212291E6B500A1967F /* Build configuration list for PBXNativeTarget "ScrollViewDemoUITests" */;
			buildPhases = (
				2C075F0E2291E6B500A1967F /* Sources */,
				2C075F0F2291E6B500A1967F /* Frameworks */,
				2C075F102291E6B500A1967F /* Resources */,
			);
			buildRules = (
			);
			dependencies = (
				2C075F142291E6B500A1967F /* PBXTargetDependency */,
			);
			name = ScrollViewDemoUITests;
			productName = ScrollViewDemoUITests;
			productReference = 2C075F122291E6B500A1967F /* ScrollViewDemoUITests.xctest */;
			productType = "com.apple.product-type.bundle.ui-testing";
		};
/* End PBXNativeTarget section */

/* Begin PBXProject section */
		2C075EEB2291E6B300A1967F /* Project object */ = {
			isa = PBXProject;
			attributes = {
				LastSwiftUpdateCheck = 1020;
				LastUpgradeCheck = 1020;
				ORGANIZATIONNAME = "Sneha Harke";
				TargetAttributes = {
					2C075EF22291E6B300A1967F = {
						CreatedOnToolsVersion = 10.2;
					};
					2C075F062291E6B500A1967F = {
						CreatedOnToolsVersion = 10.2;
						TestTargetID = 2C075EF22291E6B300A1967F;
					};
					2C075F112291E6B500A1967F = {
						CreatedOnToolsVersion = 10.2;
						TestTargetID = 2C075EF22291E6B300A1967F;
					};
				};
			};
			buildConfigurationList = 2C075EEE2291E6B300A1967F /* Build configuration list for PBXProject "ScrollViewDemo" */;
			compatibilityVersion = "Xcode 9.3";
			developmentRegion = en;
			hasScannedForEncodings = 0;
			knownRegions = (
				en,
				Base,
			);
			mainGroup = 2C075EEA2291E6B300A1967F;
			productRefGroup = 2C075EF42291E6B300A1967F /* Products */;
			projectDirPath = "";
			projectRoot = "";
			targets = (
				2C075EF22291E6B300A1967F /* ScrollViewDemo */,
				2C075F062291E6B500A1967F /* ScrollViewDemoTests */,
				2C075F112291E6B500A1967F /* ScrollViewDemoUITests */,
			);
		};
/* End PBXProject section */

/* Begin PBXResourcesBuildPhase section */
		2C075EF12291E6B300A1967F /* Resources */ = {
			isa = PBXResourcesBuildPhase;
			buildActionMask = 2147483647;
			files = (
				2C075F012291E6B500A1967F /* LaunchScreen.storyboard in Resources */,
				2C075EFE2291E6B500A1967F /* Assets.xcassets in Resources */,
				2C075EFC2291E6B300A1967F /* Main.storyboard in Resources */,
			);
			runOnlyForDeploymentPostprocessing = 0;
		};
		2C075F052291E6B500A1967F /* Resources */ = {
			isa = PBXResourcesBuildPhase;
			buildActionMask = 2147483647;
			files = (
			);
			runOnlyForDeploymentPostprocessing = 0;
		};
		2C075F102291E6B500A1967F /* Resources */ = {
			isa = PBXResourcesBuildPhase;
			buildActionMask = 2147483647;
			files = (
			);
			runOnlyForDeploymentPostprocessing = 0;
		};
/* End PBXResourcesBuildPhase section */

/* Begin PBXSourcesBuildPhase section */
		2C075EEF2291E6B300A1967F /* Sources */ = {
			isa = PBXSourcesBuildPhase;
			buildActionMask = 2147483647;
			files = (
				2C075EF92291E6B300A1967F /* ViewController.swift in Sources */,
				2C075EF72291E6B300A1967F /* AppDelegate.swift in Sources */,
			);
			runOnlyForDeploymentPostprocessing = 0;
		};
		2C075F032291E6B500A1967F /* Sources */ = {
			isa = PBXSourcesBuildPhase;
			buildActionMask = 2147483647;
			files = (
				2C075F0C2291E6B500A1967F /* ScrollViewDemoTests.swift in Sources */,
			);
			runOnlyForDeploymentPostprocessing = 0;
		};
		2C075F0E2291E6B500A1967F /* Sources */ = {
			isa = PBXSourcesBuildPhase;
			buildActionMask = 2147483647;
			files = (
				2C075F172291E6B500A1967F /* ScrollViewDemoUITests.swift in Sources */,
			);
			runOnlyForDeploymentPostprocessing = 0;
		};
/* End PBXSourcesBuildPhase section */

/* Begin PBXTargetDependency section */
		2C075F092291E6B500A1967F /* PBXTargetDependency */ = {
			isa = PBXTargetDependency;
			target = 2C075EF22291E6B300A1967F /* ScrollViewDemo */;
			targetProxy = 2C075F082291E6B500A1967F /* PBXContainerItemProxy */;
		};
		2C075F142291E6B500A1967F /* PBXTargetDependency */ = {
			isa = PBXTargetDependency;
			target = 2C075EF22291E6B300A1967F /* ScrollViewDemo */;
			targetProxy = 2C075F132291E6B500A1967F /* PBXContainerItemProxy */;
		};
/* End PBXTargetDependency section */

/* Begin PBXVariantGroup section */
		2C075EFA2291E6B300A1967F /* Main.storyboard */ = {
			isa = PBXVariantGroup;
			children = (
				2C075EFB2291E6B300A1967F /* Base */,
			);
			name = Main.storyboard;
			sourceTree = "<group>";
		};
		2C075EFF2291E6B500A1967F /* LaunchScreen.storyboard */ = {
			isa = PBXVariantGroup;
			children = (
				2C075F002291E6B500A1967F /* Base */,
			);
			name = LaunchScreen.storyboard;
			sourceTree = "<group>";
		};
/* End PBXVariantGroup section */

/* Begin XCBuildConfiguration section */
		2C075F192291E6B500A1967F /* Debug */ = {
			isa = XCBuildConfiguration;
			buildSettings = {
				ALWAYS_SEARCH_USER_PATHS = NO;
				CLANG_ANALYZER_NONNULL = YES;
				CLANG_ANALYZER_NUMBER_OBJECT_CONVERSION = YES_AGGRESSIVE;
				CLANG_CXX_LANGUAGE_STANDARD = "gnu++14";
				CLANG_CXX_LIBRARY = "libc++";
				CLANG_ENABLE_MODULES = YES;
				CLANG_ENABLE_OBJC_ARC = YES;
				CLANG_ENABLE_OBJC_WEAK = YES;
				CLANG_WARN_BLOCK_CAPTURE_AUTORELEASING = YES;
				CLANG_WARN_BOOL_CONVERSION = YES;
				CLANG_WARN_COMMA = YES;
				CLANG_WARN_CONSTANT_CONVERSION = YES;
				CLANG_WARN_DEPRECATED_OBJC_IMPLEMENTATIONS = YES;
				CLANG_WARN_DIRECT_OBJC_ISA_USAGE = YES_ERROR;
				CLANG_WARN_DOCUMENTATION_COMMENTS = YES;
				CLANG_WARN_EMPTY_BODY = YES;
				CLANG_WARN_ENUM_CONVERSION = YES;
				CLANG_WARN_INFINITE_RECURSION = YES;
				CLANG_WARN_INT_CONVERSION = YES;
				CLANG_WARN_NON_LITERAL_NULL_CONVERSION = YES;
				CLANG_WARN_OBJC_IMPLICIT_RETAIN_SELF = YES;
				CLANG_WARN_OBJC_LITERAL_CONVERSION = YES;
				CLANG_WARN_OBJC_ROOT_CLASS = YES_ERROR;
				CLANG_WARN_RANGE_LOOP_ANALYSIS = YES;
				CLANG_WARN_STRICT_PROTOTYPES = YES;
				CLANG_WARN_SUSPICIOUS_MOVE = YES;
				CLANG_WARN_UNGUARDED_AVAILABILITY = YES_AGGRESSIVE;
				CLANG_WARN_UNREACHABLE_CODE = YES;
				CLANG_WARN__DUPLICATE_METHOD_MATCH = YES;
				CODE_SIGN_IDENTITY = "iPhone Developer";
				COPY_PHASE_STRIP = NO;
				DEBUG_INFORMATION_FORMAT = dwarf;
				ENABLE_STRICT_OBJC_MSGSEND = YES;
				ENABLE_TESTABILITY = YES;
				GCC_C_LANGUAGE_STANDARD = gnu11;
				GCC_DYNAMIC_NO_PIC = NO;
				GCC_NO_COMMON_BLOCKS = YES;
				GCC_OPTIMIZATION_LEVEL = 0;
				GCC_PREPROCESSOR_DEFINITIONS = (
					"DEBUG=1",
					"$(inherited)",
				);
				GCC_WARN_64_TO_32_BIT_CONVERSION = YES;
				GCC_WARN_ABOUT_RETURN_TYPE = YES_ERROR;
				GCC_WARN_UNDECLARED_SELECTOR = YES;
				GCC_WARN_UNINITIALIZED_AUTOS = YES_AGGRESSIVE;
				GCC_WARN_UNUSED_FUNCTION = YES;
				GCC_WARN_UNUSED_VARIABLE = YES;
				IPHONEOS_DEPLOYMENT_TARGET = 12.2;
				MTL_ENABLE_DEBUG_INFO = INCLUDE_SOURCE;
				MTL_FAST_MATH = YES;
				ONLY_ACTIVE_ARCH = YES;
				SDKROOT = iphoneos;
				SWIFT_ACTIVE_COMPILATION_CONDITIONS = DEBUG;
				SWIFT_OPTIMIZATION_LEVEL = "-Onone";
			};
			name = Debug;
		};
		2C075F1A2291E6B500A1967F /* Release */ = {
			isa = XCBuildConfiguration;
			buildSettings = {
				ALWAYS_SEARCH_USER_PATHS = NO;
				CLANG_ANALYZER_NONNULL = YES;
				CLANG_ANALYZER_NUMBER_OBJECT_CONVERSION = YES_AGGRESSIVE;
				CLANG_CXX_LANGUAGE_STANDARD = "gnu++14";
				CLANG_CXX_LIBRARY = "libc++";
				CLANG_ENABLE_MODULES = YES;
				CLANG_ENABLE_OBJC_ARC = YES;
				CLANG_ENABLE_OBJC_WEAK = YES;
				CLANG_WARN_BLOCK_CAPTURE_AUTORELEASING = YES;
				CLANG_WARN_BOOL_CONVERSION = YES;
				CLANG_WARN_COMMA = YES;
				CLANG_WARN_CONSTANT_CONVERSION = YES;
				CLANG_WARN_DEPRECATED_OBJC_IMPLEMENTATIONS = YES;
				CLANG_WARN_DIRECT_OBJC_ISA_USAGE = YES_ERROR;
				CLANG_WARN_DOCUMENTATION_COMMENTS = YES;
				CLANG_WARN_EMPTY_BODY = YES;
				CLANG_WARN_ENUM_CONVERSION = YES;
				CLANG_WARN_INFINITE_RECURSION = YES;
				CLANG_WARN_INT_CONVERSION = YES;
				CLANG_WARN_NON_LITERAL_NULL_CONVERSION = YES;
				CLANG_WARN_OBJC_IMPLICIT_RETAIN_SELF = YES;
				CLANG_WARN_OBJC_LITERAL_CONVERSION = YES;
				CLANG_WARN_OBJC_ROOT_CLASS = YES_ERROR;
				CLANG_WARN_RANGE_LOOP_ANALYSIS = YES;
				CLANG_WARN_STRICT_PROTOTYPES = YES;
				CLANG_WARN_SUSPICIOUS_MOVE = YES;
				CLANG_WARN_UNGUARDED_AVAILABILITY = YES_AGGRESSIVE;
				CLANG_WARN_UNREACHABLE_CODE = YES;
				CLANG_WARN__DUPLICATE_METHOD_MATCH = YES;
				CODE_SIGN_IDENTITY = "iPhone Developer";
				COPY_PHASE_STRIP = NO;
				DEBUG_INFORMATION_FORMAT = "dwarf-with-dsym";
				ENABLE_NS_ASSERTIONS = NO;
				ENABLE_STRICT_OBJC_MSGSEND = YES;
				GCC_C_LANGUAGE_STANDARD = gnu11;
				GCC_NO_COMMON_BLOCKS = YES;
				GCC_WARN_64_TO_32_BIT_CONVERSION = YES;
				GCC_WARN_ABOUT_RETURN_TYPE = YES_ERROR;
				GCC_WARN_UNDECLARED_SELECTOR = YES;
				GCC_WARN_UNINITIALIZED_AUTOS = YES_AGGRESSIVE;
				GCC_WARN_UNUSED_FUNCTION = YES;
				GCC_WARN_UNUSED_VARIABLE = YES;
				IPHONEOS_DEPLOYMENT_TARGET = 12.2;
				MTL_ENABLE_DEBUG_INFO = NO;
				MTL_FAST_MATH = YES;
				SDKROOT = iphoneos;
				SWIFT_COMPILATION_MODE = wholemodule;
				SWIFT_OPTIMIZATION_LEVEL = "-O";
				VALIDATE_PRODUCT = YES;
			};
			name = Release;
		};
		2C075F1C2291E6B500A1967F /* Debug */ = {
			isa = XCBuildConfiguration;
			buildSettings = {
				ASSETCATALOG_COMPILER_APPICON_NAME = AppIcon;
				CODE_SIGN_STYLE = Automatic;
				INFOPLIST_FILE = ScrollViewDemo/Info.plist;
				LD_RUNPATH_SEARCH_PATHS = (
					"$(inherited)",
					"@executable_path/Frameworks",
				);
				PRODUCT_BUNDLE_IDENTIFIER = com.ril.jio.scrollViewDemo.ScrollViewDemo;
				PRODUCT_NAME = "$(TARGET_NAME)";
				SWIFT_VERSION = 5.0;
				TARGETED_DEVICE_FAMILY = "1,2";
			};
			name = Debug;
		};
		2C075F1D2291E6B500A1967F /* Release */ = {
			isa = XCBuildConfiguration;
			buildSettings = {
				ASSETCATALOG_COMPILER_APPICON_NAME = AppIcon;
				CODE_SIGN_STYLE = Automatic;
				INFOPLIST_FILE = ScrollViewDemo/Info.plist;
				LD_RUNPATH_SEARCH_PATHS = (
					"$(inherited)",
					"@executable_path/Frameworks",
				);
				PRODUCT_BUNDLE_IDENTIFIER = com.ril.jio.scrollViewDemo.ScrollViewDemo;
				PRODUCT_NAME = "$(TARGET_NAME)";
				SWIFT_VERSION = 5.0;
				TARGETED_DEVICE_FAMILY = "1,2";
			};
			name = Release;
		};
		2C075F1F2291E6B500A1967F /* Debug */ = {
			isa = XCBuildConfiguration;
			buildSettings = {
				ALWAYS_EMBED_SWIFT_STANDARD_LIBRARIES = YES;
				BUNDLE_LOADER = "$(TEST_HOST)";
				CODE_SIGN_STYLE = Automatic;
				INFOPLIST_FILE = ScrollViewDemoTests/Info.plist;
				LD_RUNPATH_SEARCH_PATHS = (
					"$(inherited)",
					"@executable_path/Frameworks",
					"@loader_path/Frameworks",
				);
				PRODUCT_BUNDLE_IDENTIFIER = com.ril.jio.scrollViewDemo.ScrollViewDemoTests;
				PRODUCT_NAME = "$(TARGET_NAME)";
				SWIFT_VERSION = 5.0;
				TARGETED_DEVICE_FAMILY = "1,2";
				TEST_HOST = "$(BUILT_PRODUCTS_DIR)/ScrollViewDemo.app/ScrollViewDemo";
			};
			name = Debug;
		};
		2C075F202291E6B500A1967F /* Release */ = {
			isa = XCBuildConfiguration;
			buildSettings = {
				ALWAYS_EMBED_SWIFT_STANDARD_LIBRARIES = YES;
				BUNDLE_LOADER = "$(TEST_HOST)";
				CODE_SIGN_STYLE = Automatic;
				INFOPLIST_FILE = ScrollViewDemoTests/Info.plist;
				LD_RUNPATH_SEARCH_PATHS = (
					"$(inherited)",
					"@executable_path/Frameworks",
					"@loader_path/Frameworks",
				);
				PRODUCT_BUNDLE_IDENTIFIER = com.ril.jio.scrollViewDemo.ScrollViewDemoTests;
				PRODUCT_NAME = "$(TARGET_NAME)";
				SWIFT_VERSION = 5.0;
				TARGETED_DEVICE_FAMILY = "1,2";
				TEST_HOST = "$(BUILT_PRODUCTS_DIR)/ScrollViewDemo.app/ScrollViewDemo";
			};
			name = Release;
		};
		2C075F222291E6B500A1967F /* Debug */ = {
			isa = XCBuildConfiguration;
			buildSettings = {
				ALWAYS_EMBED_SWIFT_STANDARD_LIBRARIES = YES;
				CODE_SIGN_STYLE = Automatic;
				INFOPLIST_FILE = ScrollViewDemoUITests/Info.plist;
				LD_RUNPATH_SEARCH_PATHS = (
					"$(inherited)",
					"@executable_path/Frameworks",
					"@loader_path/Frameworks",
				);
				PRODUCT_BUNDLE_IDENTIFIER = com.ril.jio.scrollViewDemo.ScrollViewDemoUITests;
				PRODUCT_NAME = "$(TARGET_NAME)";
				SWIFT_VERSION = 5.0;
				TARGETED_DEVICE_FAMILY = "1,2";
				TEST_TARGET_NAME = ScrollViewDemo;
			};
			name = Debug;
		};
		2C075F232291E6B500A1967F /* Release */ = {
			isa = XCBuildConfiguration;
			buildSettings = {
				ALWAYS_EMBED_SWIFT_STANDARD_LIBRARIES = YES;
				CODE_SIGN_STYLE = Automatic;
				INFOPLIST_FILE = ScrollViewDemoUITests/Info.plist;
				LD_RUNPATH_SEARCH_PATHS = (
					"$(inherited)",
					"@executable_path/Frameworks",
					"@loader_path/Frameworks",
				);
				PRODUCT_BUNDLE_IDENTIFIER = com.ril.jio.scrollViewDemo.ScrollViewDemoUITests;
				PRODUCT_NAME = "$(TARGET_NAME)";
				SWIFT_VERSION = 5.0;
				TARGETED_DEVICE_FAMILY = "1,2";
				TEST_TARGET_NAME = ScrollViewDemo;
			};
			name = Release;
		};
/* End XCBuildConfiguration section */

/* Begin XCConfigurationList section */
		2C075EEE2291E6B300A1967F /* Build configuration list for PBXProject "ScrollViewDemo" */ = {
			isa = XCConfigurationList;
			buildConfigurations = (
				2C075F192291E6B500A1967F /* Debug */,
				2C075F1A2291E6B500A1967F /* Release */,
			);
			defaultConfigurationIsVisible = 0;
			defaultConfigurationName = Release;
		};
		2C075F1B2291E6B500A1967F /* Build configuration list for PBXNativeTarget "ScrollViewDemo" */ = {
			isa = XCConfigurationList;
			buildConfigurations = (
				2C075F1C2291E6B500A1967F /* Debug */,
				2C075F1D2291E6B500A1967F /* Release */,
			);
			defaultConfigurationIsVisible = 0;
			defaultConfigurationName = Release;
		};
		2C075F1E2291E6B500A1967F /* Build configuration list for PBXNativeTarget "ScrollViewDemoTests" */ = {
			isa = XCConfigurationList;
			buildConfigurations = (
				2C075F1F2291E6B500A1967F /* Debug */,
				2C075F202291E6B500A1967F /* Release */,
			);
			defaultConfigurationIsVisible = 0;
			defaultConfigurationName = Release;
		};
		2C075F212291E6B500A1967F /* Build configuration list for PBXNativeTarget "ScrollViewDemoUITests" */ = {
			isa = XCConfigurationList;
			buildConfigurations = (
				2C075F222291E6B500A1967F /* Debug */,
				2C075F232291E6B500A1967F /* Release */,
			);
			defaultConfigurationIsVisible = 0;
			defaultConfigurationName = Release;
		};
/* End XCConfigurationList section */
	};
	rootObject = 2C075EEB2291E6B300A1967F /* Project object */;
}
